
Microsoft Visual Studio Solution File, Format Version 12.00
# Visual Studio Version 17
VisualStudioVersion = 17.14.36310.24
MinimumVisualStudioVersion = 10.0.40219.1
Project("{FAE04EC0-301F-11D3-BF4B-00C04F79EFBC}") = "Quay27-Be", "Quay27-Be.csproj", "{19D2A895-E165-4C4A-AA47-6920F8080970}"
EndProject
Project("{FAE04EC0-301F-11D3-BF4B-00C04F79EFBC}") = "Quay27.Domain", "Quay27.Domain\Quay27.Domain.csproj", "{C3E87043-EF8F-4E9A-9F3F-80A8067E523F}"
EndProject
Project("{FAE04EC0-301F-11D3-BF4B-00C04F79EFBC}") = "Quay27.Application", "Quay27.Application\Quay27.Application.csproj", "{AD515FD5-C242-4678-9EFA-71D8E81F444A}"
EndProject
Project("{FAE04EC0-301F-11D3-BF4B-00C04F79EFBC}") = "Quay27.Infrastructure", "Quay27.Infrastructure\Quay27.Infrastructure.csproj", "{01527EA3-89EB-4899-A373-72C763DFD36D}"
EndProject
Global
	GlobalSection(SolutionConfigurationPlatforms) = preSolution
		Debug|Any CPU = Debug|Any CPU
		Debug|x64 = Debug|x64
		Debug|x86 = Debug|x86
		Release|Any CPU = Release|Any CPU
		Release|x64 = Release|x64
		Release|x86 = Release|x86
	EndGlobalSection
	GlobalSection(ProjectConfigurationPlatforms) = postSolution
		{19D2A895-E165-4C4A-AA47-6920F8080970}.Debug|Any CPU.ActiveCfg = Debug|Any CPU
		{19D2A895-E165-4C4A-AA47-6920F8080970}.Debug|Any CPU.Build.0 = Debug|Any CPU
		{19D2A895-E165-4C4A-AA47-6920F8080970}.Debug|x64.ActiveCfg = Debug|Any CPU
		{19D2A895-E165-4C4A-AA47-6920F8080970}.Debug|x64.Build.0 = Debug|Any CPU
		{19D2A895-E165-4C4A-AA47-6920F8080970}.Debug|x86.ActiveCfg = Debug|Any CPU
		{19D2A895-E165-4C4A-AA47-6920F8080970}.Debug|x86.Build.0 = Debug|Any CPU
		{19D2A895-E165-4C4A-AA47-6920F8080970}.Release|Any CPU.ActiveCfg = Release|Any CPU
		{19D2A895-E165-4C4A-AA47-6920F8080970}.Release|Any CPU.Build.0 = Release|Any CPU
		{19D2A895-E165-4C4A-AA47-6920F8080970}.Release|x64.ActiveCfg = Release|Any CPU
		{19D2A895-E165-4C4A-AA47-6920F8080970}.Release|x64.Build.0 = Release|Any CPU
		{19D2A895-E165-4C4A-AA47-6920F8080970}.Release|x86.ActiveCfg = Release|Any CPU
		{19D2A895-E165-4C4A-AA47-6920F8080970}.Release|x86.Build.0 = Release|Any CPU
		{C3E87043-EF8F-4E9A-9F3F-80A8067E523F}.Debug|Any CPU.ActiveCfg = Debug|Any CPU
		{C3E87043-EF8F-4E9A-9F3F-80A8067E523F}.Debug|Any CPU.Build.0 = Debug|Any CPU
		{C3E87043-EF8F-4E9A-9F3F-80A8067E523F}.Debug|x64.ActiveCfg = Debug|Any CPU
		{C3E87043-EF8F-4E9A-9F3F-80A8067E523F}.Debug|x64.Build.0 = Debug|Any CPU
		{C3E87043-EF8F-4E9A-9F3F-80A8067E523F}.Debug|x86.ActiveCfg = Debug|Any CPU
		{C3E87043-EF8F-4E9A-9F3F-80A8067E523F}.Debug|x86.Build.0 = Debug|Any CPU
		{C3E87043-EF8F-4E9A-9F3F-80A8067E523F}.Release|Any CPU.ActiveCfg = Release|Any CPU
		{C3E87043-EF8F-4E9A-9F3F-80A8067E523F}.Release|Any CPU.Build.0 = Release|Any CPU
		{C3E87043-EF8F-4E9A-9F3F-80A8067E523F}.Release|x64.ActiveCfg = Release|Any CPU
		{C3E87043-EF8F-4E9A-9F3F-80A8067E523F}.Release|x64.Build.0 = Release|Any CPU
		{C3E87043-EF8F-4E9A-9F3F-80A8067E523F}.Release|x86.ActiveCfg = Release|Any CPU
		{C3E87043-EF8F-4E9A-9F3F-80A8067E523F}.Release|x86.Build.0 = Release|Any CPU
		{AD515FD5-C242-4678-9EFA-71D8E81F444A}.Debug|Any CPU.ActiveCfg = Debug|Any CPU
		{AD515FD5-C242-4678-9EFA-71D8E81F444A}.Debug|Any CPU.Build.0 = Debug|Any CPU
		{AD515FD5-C242-4678-9EFA-71D8E81F444A}.Debug|x64.ActiveCfg = Debug|Any CPU
		{AD515FD5-C242-4678-9EFA-71D8E81F444A}.Debug|x64.Build.0 = Debug|Any CPU
		{AD515FD5-C242-4678-9EFA-71D8E81F444A}.Debug|x86.ActiveCfg = Debug|Any CPU
		{AD515FD5-C242-4678-9EFA-71D8E81F444A}.Debug|x86.Build.0 = Debug|Any CPU
		{AD515FD5-C242-4678-9EFA-71D8E81F444A}.Release|Any CPU.ActiveCfg = Release|Any CPU
		{AD515FD5-C242-4678-9EFA-71D8E81F444A}.Release|Any CPU.Build.0 = Release|Any CPU
		{AD515FD5-C242-4678-9EFA-71D8E81F444A}.Release|x64.ActiveCfg = Release|Any CPU
		{AD515FD5-C242-4678-9EFA-71D8E81F444A}.Release|x64.Build.0 = Release|Any CPU
		{AD515FD5-C242-4678-9EFA-71D8E81F444A}.Release|x86.ActiveCfg = Release|Any CPU
		{AD515FD5-C242-4678-9EFA-71D8E81F444A}.Release|x86.Build.0 = Release|Any CPU
		{01527EA3-89EB-4899-A373-72C763DFD36D}.Debug|Any CPU.ActiveCfg = Debug|Any CPU
		{01527EA3-89EB-4899-A373-72C763DFD36D}.Debug|Any CPU.Build.0 = Debug|Any CPU
		{01527EA3-89EB-4899-A373-72C763DFD36D}.Debug|x64.ActiveCfg = Debug|Any CPU
		{01527EA3-89EB-4899-A373-72C763DFD36D}.Debug|x64.Build.0 = Debug|Any CPU
		{01527EA3-89EB-4899-A373-72C763DFD36D}.Debug|x86.ActiveCfg = Debug|Any CPU
		{01527EA3-89EB-4899-A373-72C763DFD36D}.Debug|x86.Build.0 = Debug|Any CPU
		{01527EA3-89EB-4899-A373-72C763DFD36D}.Release|Any CPU.ActiveCfg = Release|Any CPU
		{01527EA3-89EB-4899-A373-72C763DFD36D}.Release|Any CPU.Build.0 = Release|Any CPU
		{01527EA3-89EB-4899-A373-72C763DFD36D}.Release|x64.ActiveCfg = Release|Any CPU
		{01527EA3-89EB-4899-A373-72C763DFD36D}.Release|x64.Build.0 = Release|Any CPU
		{01527EA3-89EB-4899-A373-72C763DFD36D}.Release|x86.ActiveCfg = Release|Any CPU
		{01527EA3-89EB-4899-A373-72C763DFD36D}.Release|x86.Build.0 = Release|Any CPU
	EndGlobalSection
	GlobalSection(SolutionProperties) = preSolution
		HideSolutionNode = FALSE
	EndGlobalSection
	GlobalSection(ExtensibilityGlobals) = postSolution
		SolutionGuid = {EA787E03-ECC1-4184-94D2-2866CEDA56BA}
	EndGlobalSection
EndGlobal
